
Microsoft Visual Studio Solution File, Format Version 12.00
# Visual Studio Version 17
VisualStudioVersion = 17.13.35825.156 d17.13
MinimumVisualStudioVersion = 10.0.40219.1
Project("{FAE04EC0-301F-11D3-BF4B-00C04F79EFBC}") = "ITS2025", "ITS2025.csproj", "{A72F6F4E-B5F5-403A-B5CC-80426DA26FF7}"
EndProject
Global
	GlobalSection(SolutionConfigurationPlatforms) = preSolution
		Debug|Any CPU = Debug|Any CPU
		Release|Any CPU = Release|Any CPU
	EndGlobalSection
	GlobalSection(ProjectConfigurationPlatforms) = postSolution
		{A72F6F4E-B5F5-403A-B5CC-80426DA26FF7}.Debug|Any CPU.ActiveCfg = Debug|Any CPU
		{A72F6F4E-B5F5-403A-B5CC-80426DA26FF7}.Debug|Any CPU.Build.0 = Debug|Any CPU
		{A72F6F4E-B5F5-403A-B5CC-80426DA26FF7}.Release|Any CPU.ActiveCfg = Release|Any CPU
		{A72F6F4E-B5F5-403A-B5CC-80426DA26FF7}.Release|Any CPU.Build.0 = Release|Any CPU
	EndGlobalSection
	GlobalSection(SolutionProperties) = preSolution
		HideSolutionNode = FALSE
	EndGlobalSection
	GlobalSection(ExtensibilityGlobals) = postSolution
		SolutionGuid = {09C879A1-3003-415B-BE22-7306C0A6EA77}
	EndGlobalSection
EndGlobal
